
Microsoft Visual Studio Solution File, Format Version 12.00
# Visual Studio Version 17
VisualStudioVersion = 17.5.002.0
MinimumVisualStudioVersion = 10.0.40219.1
Project("{9A19103F-16F7-4668-BE54-9A1E7A4F7556}") = "try", "try.csproj", "{C37056B8-73FD-4B64-A284-55A0D6BA4E59}"
EndProject
Global
	GlobalSection(SolutionConfigurationPlatforms) = preSolution
		Debug|Any CPU = Debug|Any CPU
		Release|Any CPU = Release|Any CPU
	EndGlobalSection
	GlobalSection(ProjectConfigurationPlatforms) = postSolution
		{C37056B8-73FD-4B64-A284-55A0D6BA4E59}.Debug|Any CPU.ActiveCfg = Debug|Any CPU
		{C37056B8-73FD-4B64-A284-55A0D6BA4E59}.Debug|Any CPU.Build.0 = Debug|Any CPU
		{C37056B8-73FD-4B64-A284-55A0D6BA4E59}.Release|Any CPU.ActiveCfg = Release|Any CPU
		{C37056B8-73FD-4B64-A284-55A0D6BA4E59}.Release|Any CPU.Build.0 = Release|Any CPU
	EndGlobalSection
	GlobalSection(SolutionProperties) = preSolution
		HideSolutionNode = FALSE
	EndGlobalSection
	GlobalSection(ExtensibilityGlobals) = postSolution
		SolutionGuid = {FBF4544D-0273-400E-AB3F-0B7F96385398}
	EndGlobalSection
EndGlobal
